{
  "originHash" : "82f7320a106f80599a5d5cb69c8648997864b34d40c6347fae3fb865c8823ed2",
  "pins" : [
    {
      "identity" : "colorkit",
      "kind" : "remoteSourceControl",
      "location" : "https://github.com/Boris-Em/ColorKit.git",
      "state" : {
        "revision" : "d9c3a546c40f31b5f2c624603fa03f56904e2dc2",
        "version" : "1.0.0"
      }
    },
    {
      "identity" : "customcolor",
      "kind" : "remoteSourceControl",
      "location" : "https://github.com/ailu2533/CustomColor.git",
      "state" : {
        "branch" : "main",
        "revision" : "27c638cca1a77605bebf1a1a23bdddcd452972fc"
      }
    },
    {
      "identity" : "datehelper",
      "kind" : "remoteSourceControl",
      "location" : "https://github.com/melvitax/DateHelper",
      "state" : {
        "revision" : "76d0840daab7288fc99b04a4c23d504f0394e083",
        "version" : "5.0.1"
      }
    },
    {
      "identity" : "dominantcolor",
      "kind" : "remoteSourceControl",
      "location" : "https://github.com/indragiek/DominantColor.git",
      "state" : {
        "revision" : "aadc3d48c1f7f8abc7d03561d42c19188b1d4625",
        "version" : "0.2.2"
      }
    },
    {
      "identity" : "horizoncalendar",
      "kind" : "remoteSourceControl",
      "location" : "https://github.com/airbnb/HorizonCalendar",
      "state" : {
        "revision" : "a360d71a1255f0b24e378f2ee31a7a7d674a49b6",
        "version" : "2.0.0"
      }
    },
    {
      "identity" : "lemondateutils",
      "kind" : "remoteSourceControl",
      "location" : "https://github.com/ailu2533/LemonDateUtils.git",
      "state" : {
        "branch" : "main",
        "revision" : "65d01211bd8113e63beee39590839824582db69e"
      }
    },
    {
      "identity" : "lemonutils",
      "kind" : "remoteSourceControl",
      "location" : "https://github.com/ailu2533/LemonUtils.git",
      "state" : {
        "branch" : "main",
        "revision" : "89162da89ef9e9070137c486e829d30affe70ab5"
      }
    },
    {
      "identity" : "swift-collections",
      "kind" : "remoteSourceControl",
      "location" : "https://github.com/apple/swift-collections.git",
      "state" : {
        "revision" : "3d2dc41a01f9e49d84f0a3925fb858bed64f702d",
        "version" : "1.1.2"
      }
    },
  ],
  "version" : 3
}
